// !$*UTF8*$!
{
	archiveVersion = 1;
	classes = {
	};
	objectVersion = 56;
	objects = {

/* Begin PBXBuildFile section */
		158E06962906ED160076CF7C /* MoveToPlayMobileApp.swift in Sources */ = {isa = PBXBuildFile; fileRef = 158E06952906ED160076CF7C /* MoveToPlayMobileApp.swift */; };
		158E06982906ED160076CF7C /* ContentView.swift in Sources */ = {isa = PBXBuildFile; fileRef = 158E06972906ED160076CF7C /* ContentView.swift */; };
		158E069A2906ED1A0076CF7C /* Assets.xcassets in Resources */ = {isa = PBXBuildFile; fileRef = 158E06992906ED1A0076CF7C /* Assets.xcassets */; };
		158E069D2906ED1A0076CF7C /* Preview Assets.xcassets in Resources */ = {isa = PBXBuildFile; fileRef = 158E069C2906ED1A0076CF7C /* Preview Assets.xcassets */; };
		158E06A72906ED1A0076CF7C /* MoveToPlayMobileTests.swift in Sources */ = {isa = PBXBuildFile; fileRef = 158E06A62906ED1A0076CF7C /* MoveToPlayMobileTests.swift */; };
		158E06B12906ED1A0076CF7C /* MoveToPlayMobileUITests.swift in Sources */ = {isa = PBXBuildFile; fileRef = 158E06B02906ED1A0076CF7C /* MoveToPlayMobileUITests.swift */; };
		158E06B32906ED1A0076CF7C /* MoveToPlayMobileUITestsLaunchTests.swift in Sources */ = {isa = PBXBuildFile; fileRef = 158E06B22906ED1A0076CF7C /* MoveToPlayMobileUITestsLaunchTests.swift */; };
/* End PBXBuildFile section */

/* Begin PBXContainerItemProxy section */
		158E06A32906ED1A0076CF7C /* PBXContainerItemProxy */ = {
			isa = PBXContainerItemProxy;
			containerPortal = 158E068A2906ED160076CF7C /* Project object */;
			proxyType = 1;
			remoteGlobalIDString = 158E06912906ED160076CF7C;
			remoteInfo = MoveToPlayMobile;
		};
		158E06AD2906ED1A0076CF7C /* PBXContainerItemProxy */ = {
			isa = PBXContainerItemProxy;
			containerPortal = 158E068A2906ED160076CF7C /* Project object */;
			proxyType = 1;
			remoteGlobalIDString = 158E06912906ED160076CF7C;
			remoteInfo = MoveToPlayMobile;
		};
/* End PBXContainerItemProxy section */

/* Begin PBXFileReference section */
		158E06922906ED160076CF7C /* MoveToPlayMobile.app */ = {isa = PBXFileReference; explicitFileType = wrapper.application; includeInIndex = 0; path = MoveToPlayMobile.app; sourceTree = BUILT_PRODUCTS_DIR; };
		158E06952906ED160076CF7C /* MoveToPlayMobileApp.swift */ = {isa = PBXFileReference; lastKnownFileType = sourcecode.swift; path = MoveToPlayMobileApp.swift; sourceTree = "<group>"; };
		158E06972906ED160076CF7C /* ContentView.swift */ = {isa = PBXFileReference; lastKnownFileType = sourcecode.swift; path = ContentView.swift; sourceTree = "<group>"; };
		158E06992906ED1A0076CF7C /* Assets.xcassets */ = {isa = PBXFileReference; lastKnownFileType = folder.assetcatalog; path = Assets.xcassets; sourceTree = "<group>"; };
		158E069C2906ED1A0076CF7C /* Preview Assets.xcassets */ = {isa = PBXFileReference; lastKnownFileType = folder.assetcatalog; path = "Preview Assets.xcassets"; sourceTree = "<group>"; };
		158E06A22906ED1A0076CF7C /* MoveToPlayMobileTests.xctest */ = {isa = PBXFileReference; explicitFileType = wrapper.cfbundle; includeInIndex = 0; path = MoveToPlayMobileTests.xctest; sourceTree = BUILT_PRODUCTS_DIR; };
		158E06A62906ED1A0076CF7C /* MoveToPlayMobileTests.swift */ = {isa = PBXFileReference; lastKnownFileType = sourcecode.swift; path = MoveToPlayMobileTests.swift; sourceTree = "<group>"; };
		158E06AC2906ED1A0076CF7C /* MoveToPlayMobileUITests.xctest */ = {isa = PBXFileReference; explicitFileType = wrapper.cfbundle; includeInIndex = 0; path = MoveToPlayMobileUITests.xctest; sourceTree = BUILT_PRODUCTS_DIR; };
		158E06B02906ED1A0076CF7C /* MoveToPlayMobileUITests.swift */ = {isa = PBXFileReference; lastKnownFileType = sourcecode.swift; path = MoveToPlayMobileUITests.swift; sourceTree = "<group>"; };
		158E06B22906ED1A0076CF7C /* MoveToPlayMobileUITestsLaunchTests.swift */ = {isa = PBXFileReference; lastKnownFileType = sourcecode.swift; path = MoveToPlayMobileUITestsLaunchTests.swift; sourceTree = "<group>"; };
/* End PBXFileReference section */

/* Begin PBXFrameworksBuildPhase section */
		158E068F2906ED160076CF7C /* Frameworks */ = {
			isa = PBXFrameworksBuildPhase;
			buildActionMask = 2147483647;
			files = (
			);
			runOnlyForDeploymentPostprocessing = 0;
		};
		158E069F2906ED1A0076CF7C /* Frameworks */ = {
			isa = PBXFrameworksBuildPhase;
			buildActionMask = 2147483647;
			files = (
			);
			runOnlyForDeploymentPostprocessing = 0;
		};
		158E06A92906ED1A0076CF7C /* Frameworks */ = {
			isa = PBXFrameworksBuildPhase;
			buildActionMask = 2147483647;
			files = (
			);
			runOnlyForDeploymentPostprocessing = 0;
		};
/* End PBXFrameworksBuildPhase section */

/* Begin PBXGroup section */
		158E06892906ED160076CF7C = {
			isa = PBXGroup;
			children = (
				158E06942906ED160076CF7C /* MoveToPlayMobile */,
				158E06A52906ED1A0076CF7C /* MoveToPlayMobileTests */,
				158E06AF2906ED1A0076CF7C /* MoveToPlayMobileUITests */,
				158E06932906ED160076CF7C /* Products */,
			);
			sourceTree = "<group>";
		};
		158E06932906ED160076CF7C /* Products */ = {
			isa = PBXGroup;
			children = (
				158E06922906ED160076CF7C /* MoveToPlayMobile.app */,
				158E06A22906ED1A0076CF7C /* MoveToPlayMobileTests.xctest */,
				158E06AC2906ED1A0076CF7C /* MoveToPlayMobileUITests.xctest */,
			);
			name = Products;
			sourceTree = "<group>";
		};
		158E06942906ED160076CF7C /* MoveToPlayMobile */ = {
			isa = PBXGroup;
			children = (
				158E06952906ED160076CF7C /* MoveToPlayMobileApp.swift */,
				158E06972906ED160076CF7C /* ContentView.swift */,
				158E06992906ED1A0076CF7C /* Assets.xcassets */,
				158E069B2906ED1A0076CF7C /* Preview Content */,
			);
			path = MoveToPlayMobile;
			sourceTree = "<group>";
		};
		158E069B2906ED1A0076CF7C /* Preview Content */ = {
			isa = PBXGroup;
			children = (
				158E069C2906ED1A0076CF7C /* Preview Assets.xcassets */,
			);
			path = "Preview Content";
			sourceTree = "<group>";
		};
		158E06A52906ED1A0076CF7C /* MoveToPlayMobileTests */ = {
			isa = PBXGroup;
			children = (
				158E06A62906ED1A0076CF7C /* MoveToPlayMobileTests.swift */,
			);
			path = MoveToPlayMobileTests;
			sourceTree = "<group>";
		};
		158E06AF2906ED1A0076CF7C /* MoveToPlayMobileUITests */ = {
			isa = PBXGroup;
			children = (
				158E06B02906ED1A0076CF7C /* MoveToPlayMobileUITests.swift */,
				158E06B22906ED1A0076CF7C /* MoveToPlayMobileUITestsLaunchTests.swift */,
			);
			path = MoveToPlayMobileUITests;
			sourceTree = "<group>";
		};
/* End PBXGroup section */

/* Begin PBXNativeTarget section */
		158E06912906ED160076CF7C /* MoveToPlayMobile */ = {
			isa = PBXNativeTarget;
			buildConfigurationList = 158E06B62906ED1A0076CF7C /* Build configuration list for PBXNativeTarget "MoveToPlayMobile" */;
			buildPhases = (
				158E068E2906ED160076CF7C /* Sources */,
				158E068F2906ED160076CF7C /* Frameworks */,
				158E06902906ED160076CF7C /* Resources */,
			);
			buildRules = (
			);
			dependencies = (
			);
			name = MoveToPlayMobile;
			productName = MoveToPlayMobile;
			productReference = 158E06922906ED160076CF7C /* MoveToPlayMobile.app */;
			productType = "com.apple.product-type.application";
		};
		158E06A12906ED1A0076CF7C /* MoveToPlayMobileTests */ = {
			isa = PBXNativeTarget;
			buildConfigurationList = 158E06B92906ED1A0076CF7C /* Build configuration list for PBXNativeTarget "MoveToPlayMobileTests" */;
			buildPhases = (
				158E069E2906ED1A0076CF7C /* Sources */,
				158E069F2906ED1A0076CF7C /* Frameworks */,
				158E06A02906ED1A0076CF7C /* Resources */,
			);
			buildRules = (
			);
			dependencies = (
				158E06A42906ED1A0076CF7C /* PBXTargetDependency */,
			);
			name = MoveToPlayMobileTests;
			productName = MoveToPlayMobileTests;
			productReference = 158E06A22906ED1A0076CF7C /* MoveToPlayMobileTests.xctest */;
			productType = "com.apple.product-type.bundle.unit-test";
		};
		158E06AB2906ED1A0076CF7C /* MoveToPlayMobileUITests */ = {
			isa = PBXNativeTarget;
			buildConfigurationList = 158E06BC2906ED1A0076CF7C /* Build configuration list for PBXNativeTarget "MoveToPlayMobileUITests" */;
			buildPhases = (
				158E06A82906ED1A0076CF7C /* Sources */,
				158E06A92906ED1A0076CF7C /* Frameworks */,
				158E06AA2906ED1A0076CF7C /* Resources */,
			);
			buildRules = (
			);
			dependencies = (
				158E06AE2906ED1A0076CF7C /* PBXTargetDependency */,
			);
			name = MoveToPlayMobileUITests;
			productName = MoveToPlayMobileUITests;
			productReference = 158E06AC2906ED1A0076CF7C /* MoveToPlayMobileUITests.xctest */;
			productType = "com.apple.product-type.bundle.ui-testing";
		};
/* End PBXNativeTarget section */

/* Begin PBXProject section */
		158E068A2906ED160076CF7C /* Project object */ = {
			isa = PBXProject;
			attributes = {
				BuildIndependentTargetsInParallel = 1;
				LastSwiftUpdateCheck = 1400;
				LastUpgradeCheck = 1400;
				TargetAttributes = {
					158E06912906ED160076CF7C = {
						CreatedOnToolsVersion = 14.0.1;
					};
					158E06A12906ED1A0076CF7C = {
						CreatedOnToolsVersion = 14.0.1;
						TestTargetID = 158E06912906ED160076CF7C;
					};
					158E06AB2906ED1A0076CF7C = {
						CreatedOnToolsVersion = 14.0.1;
						TestTargetID = 158E06912906ED160076CF7C;
					};
				};
			};
			buildConfigurationList = 158E068D2906ED160076CF7C /* Build configuration list for PBXProject "MoveToPlayMobile" */;
			compatibilityVersion = "Xcode 14.0";
			developmentRegion = en;
			hasScannedForEncodings = 0;
			knownRegions = (
				en,
				Base,
			);
			mainGroup = 158E06892906ED160076CF7C;
			productRefGroup = 158E06932906ED160076CF7C /* Products */;
			projectDirPath = "";
			projectRoot = "";
			targets = (
				158E06912906ED160076CF7C /* MoveToPlayMobile */,
				158E06A12906ED1A0076CF7C /* MoveToPlayMobileTests */,
				158E06AB2906ED1A0076CF7C /* MoveToPlayMobileUITests */,
			);
		};
/* End PBXProject section */

/* Begin PBXResourcesBuildPhase section */
		158E06902906ED160076CF7C /* Resources */ = {
			isa = PBXResourcesBuildPhase;
			buildActionMask = 2147483647;
			files = (
				158E069D2906ED1A0076CF7C /* Preview Assets.xcassets in Resources */,
				158E069A2906ED1A0076CF7C /* Assets.xcassets in Resources */,
			);
			runOnlyForDeploymentPostprocessing = 0;
		};
		158E06A02906ED1A0076CF7C /* Resources */ = {
			isa = PBXResourcesBuildPhase;
			buildActionMask = 2147483647;
			files = (
			);
			runOnlyForDeploymentPostprocessing = 0;
		};
		158E06AA2906ED1A0076CF7C /* Resources */ = {
			isa = PBXResourcesBuildPhase;
			buildActionMask = 2147483647;
			files = (
			);
			runOnlyForDeploymentPostprocessing = 0;
		};
/* End PBXResourcesBuildPhase section */

/* Begin PBXSourcesBuildPhase section */
		158E068E2906ED160076CF7C /* Sources */ = {
			isa = PBXSourcesBuildPhase;
			buildActionMask = 2147483647;
			files = (
				158E06982906ED160076CF7C /* ContentView.swift in Sources */,
				158E06962906ED160076CF7C /* MoveToPlayMobileApp.swift in Sources */,
			);
			runOnlyForDeploymentPostprocessing = 0;
		};
		158E069E2906ED1A0076CF7C /* Sources */ = {
			isa = PBXSourcesBuildPhase;
			buildActionMask = 2147483647;
			files = (
				158E06A72906ED1A0076CF7C /* MoveToPlayMobileTests.swift in Sources */,
			);
			runOnlyForDeploymentPostprocessing = 0;
		};
		158E06A82906ED1A0076CF7C /* Sources */ = {
			isa = PBXSourcesBuildPhase;
			buildActionMask = 2147483647;
			files = (
				158E06B32906ED1A0076CF7C /* MoveToPlayMobileUITestsLaunchTests.swift in Sources */,
				158E06B12906ED1A0076CF7C /* MoveToPlayMobileUITests.swift in Sources */,
			);
			runOnlyForDeploymentPostprocessing = 0;
		};
/* End PBXSourcesBuildPhase section */

/* Begin PBXTargetDependency section */
		158E06A42906ED1A0076CF7C /* PBXTargetDependency */ = {
			isa = PBXTargetDependency;
			target = 158E06912906ED160076CF7C /* MoveToPlayMobile */;
			targetProxy = 158E06A32906ED1A0076CF7C /* PBXContainerItemProxy */;
		};
		158E06AE2906ED1A0076CF7C /* PBXTargetDependency */ = {
			isa = PBXTargetDependency;
			target = 158E06912906ED160076CF7C /* MoveToPlayMobile */;
			targetProxy = 158E06AD2906ED1A0076CF7C /* PBXContainerItemProxy */;
		};
/* End PBXTargetDependency section */

/* Begin XCBuildConfiguration section */
		158E06B42906ED1A0076CF7C /* Debug */ = {
			isa = XCBuildConfiguration;
			buildSettings = {
				ALWAYS_SEARCH_USER_PATHS = NO;
				CLANG_ANALYZER_NONNULL = YES;
				CLANG_ANALYZER_NUMBER_OBJECT_CONVERSION = YES_AGGRESSIVE;
				CLANG_CXX_LANGUAGE_STANDARD = "gnu++20";
				CLANG_ENABLE_MODULES = YES;
				CLANG_ENABLE_OBJC_ARC = YES;
				CLANG_ENABLE_OBJC_WEAK = YES;
				CLANG_WARN_BLOCK_CAPTURE_AUTORELEASING = YES;
				CLANG_WARN_BOOL_CONVERSION = YES;
				CLANG_WARN_COMMA = YES;
				CLANG_WARN_CONSTANT_CONVERSION = YES;
				CLANG_WARN_DEPRECATED_OBJC_IMPLEMENTATIONS = YES;
				CLANG_WARN_DIRECT_OBJC_ISA_USAGE = YES_ERROR;
				CLANG_WARN_DOCUMENTATION_COMMENTS = YES;
				CLANG_WARN_EMPTY_BODY = YES;
				CLANG_WARN_ENUM_CONVERSION = YES;
				CLANG_WARN_INFINITE_RECURSION = YES;
				CLANG_WARN_INT_CONVERSION = YES;
				CLANG_WARN_NON_LITERAL_NULL_CONVERSION = YES;
				CLANG_WARN_OBJC_IMPLICIT_RETAIN_SELF = YES;
				CLANG_WARN_OBJC_LITERAL_CONVERSION = YES;
				CLANG_WARN_OBJC_ROOT_CLASS = YES_ERROR;
				CLANG_WARN_QUOTED_INCLUDE_IN_FRAMEWORK_HEADER = YES;
				CLANG_WARN_RANGE_LOOP_ANALYSIS = YES;
				CLANG_WARN_STRICT_PROTOTYPES = YES;
				CLANG_WARN_SUSPICIOUS_MOVE = YES;
				CLANG_WARN_UNGUARDED_AVAILABILITY = YES_AGGRESSIVE;
				CLANG_WARN_UNREACHABLE_CODE = YES;
				CLANG_WARN__DUPLICATE_METHOD_MATCH = YES;
				COPY_PHASE_STRIP = NO;
				DEBUG_INFORMATION_FORMAT = dwarf;
				ENABLE_STRICT_OBJC_MSGSEND = YES;
				ENABLE_TESTABILITY = YES;
				GCC_C_LANGUAGE_STANDARD = gnu11;
				GCC_DYNAMIC_NO_PIC = NO;
				GCC_NO_COMMON_BLOCKS = YES;
				GCC_OPTIMIZATION_LEVEL = 0;
				GCC_PREPROCESSOR_DEFINITIONS = (
					"DEBUG=1",
					"$(inherited)",
				);
				GCC_WARN_64_TO_32_BIT_CONVERSION = YES;
				GCC_WARN_ABOUT_RETURN_TYPE = YES_ERROR;
				GCC_WARN_UNDECLARED_SELECTOR = YES;
				GCC_WARN_UNINITIALIZED_AUTOS = YES_AGGRESSIVE;
				GCC_WARN_UNUSED_FUNCTION = YES;
				GCC_WARN_UNUSED_VARIABLE = YES;
				IPHONEOS_DEPLOYMENT_TARGET = 16.0;
				MTL_ENABLE_DEBUG_INFO = INCLUDE_SOURCE;
				MTL_FAST_MATH = YES;
				ONLY_ACTIVE_ARCH = YES;
				SDKROOT = iphoneos;
				SWIFT_ACTIVE_COMPILATION_CONDITIONS = DEBUG;
				SWIFT_OPTIMIZATION_LEVEL = "-Onone";
			};
			name = Debug;
		};
		158E06B52906ED1A0076CF7C /* Release */ = {
			isa = XCBuildConfiguration;
			buildSettings = {
				ALWAYS_SEARCH_USER_PATHS = NO;
				CLANG_ANALYZER_NONNULL = YES;
				CLANG_ANALYZER_NUMBER_OBJECT_CONVERSION = YES_AGGRESSIVE;
				CLANG_CXX_LANGUAGE_STANDARD = "gnu++20";
				CLANG_ENABLE_MODULES = YES;
				CLANG_ENABLE_OBJC_ARC = YES;
				CLANG_ENABLE_OBJC_WEAK = YES;
				CLANG_WARN_BLOCK_CAPTURE_AUTORELEASING = YES;
				CLANG_WARN_BOOL_CONVERSION = YES;
				CLANG_WARN_COMMA = YES;
				CLANG_WARN_CONSTANT_CONVERSION = YES;
				CLANG_WARN_DEPRECATED_OBJC_IMPLEMENTATIONS = YES;
				CLANG_WARN_DIRECT_OBJC_ISA_USAGE = YES_ERROR;
				CLANG_WARN_DOCUMENTATION_COMMENTS = YES;
				CLANG_WARN_EMPTY_BODY = YES;
				CLANG_WARN_ENUM_CONVERSION = YES;
				CLANG_WARN_INFINITE_RECURSION = YES;
				CLANG_WARN_INT_CONVERSION = YES;
				CLANG_WARN_NON_LITERAL_NULL_CONVERSION = YES;
				CLANG_WARN_OBJC_IMPLICIT_RETAIN_SELF = YES;
				CLANG_WARN_OBJC_LITERAL_CONVERSION = YES;
				CLANG_WARN_OBJC_ROOT_CLASS = YES_ERROR;
				CLANG_WARN_QUOTED_INCLUDE_IN_FRAMEWORK_HEADER = YES;
				CLANG_WARN_RANGE_LOOP_ANALYSIS = YES;
				CLANG_WARN_STRICT_PROTOTYPES = YES;
				CLANG_WARN_SUSPICIOUS_MOVE = YES;
				CLANG_WARN_UNGUARDED_AVAILABILITY = YES_AGGRESSIVE;
				CLANG_WARN_UNREACHABLE_CODE = YES;
				CLANG_WARN__DUPLICATE_METHOD_MATCH = YES;
				COPY_PHASE_STRIP = NO;
				DEBUG_INFORMATION_FORMAT = "dwarf-with-dsym";
				ENABLE_NS_ASSERTIONS = NO;
				ENABLE_STRICT_OBJC_MSGSEND = YES;
				GCC_C_LANGUAGE_STANDARD = gnu11;
				GCC_NO_COMMON_BLOCKS = YES;
				GCC_WARN_64_TO_32_BIT_CONVERSION = YES;
				GCC_WARN_ABOUT_RETURN_TYPE = YES_ERROR;
				GCC_WARN_UNDECLARED_SELECTOR = YES;
				GCC_WARN_UNINITIALIZED_AUTOS = YES_AGGRESSIVE;
				GCC_WARN_UNUSED_FUNCTION = YES;
				GCC_WARN_UNUSED_VARIABLE = YES;
				IPHONEOS_DEPLOYMENT_TARGET = 16.0;
				MTL_ENABLE_DEBUG_INFO = NO;
				MTL_FAST_MATH = YES;
				SDKROOT = iphoneos;
				SWIFT_COMPILATION_MODE = wholemodule;
				SWIFT_OPTIMIZATION_LEVEL = "-O";
				VALIDATE_PRODUCT = YES;
			};
			name = Release;
		};
		158E06B72906ED1A0076CF7C /* Debug */ = {
			isa = XCBuildConfiguration;
			buildSettings = {
				ASSETCATALOG_COMPILER_APPICON_NAME = AppIcon;
				ASSETCATALOG_COMPILER_GLOBAL_ACCENT_COLOR_NAME = AccentColor;
				CODE_SIGN_STYLE = Automatic;
				CURRENT_PROJECT_VERSION = 1;
				DEVELOPMENT_ASSET_PATHS = "\"MoveToPlayMobile/Preview Content\"";
				DEVELOPMENT_TEAM = 74HBYZ3QR9;
				ENABLE_PREVIEWS = YES;
				GENERATE_INFOPLIST_FILE = YES;
				INFOPLIST_KEY_UIApplicationSceneManifest_Generation = YES;
				INFOPLIST_KEY_UIApplicationSupportsIndirectInputEvents = YES;
				INFOPLIST_KEY_UILaunchScreen_Generation = YES;
				INFOPLIST_KEY_UISupportedInterfaceOrientations_iPad = "UIInterfaceOrientationPortrait UIInterfaceOrientationPortraitUpsideDown UIInterfaceOrientationLandscapeLeft UIInterfaceOrientationLandscapeRight";
				INFOPLIST_KEY_UISupportedInterfaceOrientations_iPhone = "UIInterfaceOrientationPortrait UIInterfaceOrientationLandscapeLeft UIInterfaceOrientationLandscapeRight";
				LD_RUNPATH_SEARCH_PATHS = (
					"$(inherited)",
					"@executable_path/Frameworks",
				);
				MARKETING_VERSION = 1.0;
				PRODUCT_BUNDLE_IDENTIFIER = com.MoveToPlayMobile;
				PRODUCT_NAME = "$(TARGET_NAME)";
				SWIFT_EMIT_LOC_STRINGS = YES;
				SWIFT_VERSION = 5.0;
				TARGETED_DEVICE_FAMILY = "1,2";
			};
			name = Debug;
		};
		158E06B82906ED1A0076CF7C /* Release */ = {
			isa = XCBuildConfiguration;
			buildSettings = {
				ASSETCATALOG_COMPILER_APPICON_NAME = AppIcon;
				ASSETCATALOG_COMPILER_GLOBAL_ACCENT_COLOR_NAME = AccentColor;
				CODE_SIGN_STYLE = Automatic;
				CURRENT_PROJECT_VERSION = 1;
				DEVELOPMENT_ASSET_PATHS = "\"MoveToPlayMobile/Preview Content\"";
				DEVELOPMENT_TEAM = 74HBYZ3QR9;
				ENABLE_PREVIEWS = YES;
				GENERATE_INFOPLIST_FILE = YES;
				INFOPLIST_KEY_UIApplicationSceneManifest_Generation = YES;
				INFOPLIST_KEY_UIApplicationSupportsIndirectInputEvents = YES;
				INFOPLIST_KEY_UILaunchScreen_Generation = YES;
				INFOPLIST_KEY_UISupportedInterfaceOrientations_iPad = "UIInterfaceOrientationPortrait UIInterfaceOrientationPortraitUpsideDown UIInterfaceOrientationLandscapeLeft UIInterfaceOrientationLandscapeRight";
				INFOPLIST_KEY_UISupportedInterfaceOrientations_iPhone = "UIInterfaceOrientationPortrait UIInterfaceOrientationLandscapeLeft UIInterfaceOrientationLandscapeRight";
				LD_RUNPATH_SEARCH_PATHS = (
					"$(inherited)",
					"@executable_path/Frameworks",
				);
				MARKETING_VERSION = 1.0;
				PRODUCT_BUNDLE_IDENTIFIER = com.MoveToPlayMobile;
				PRODUCT_NAME = "$(TARGET_NAME)";
				SWIFT_EMIT_LOC_STRINGS = YES;
				SWIFT_VERSION = 5.0;
				TARGETED_DEVICE_FAMILY = "1,2";
			};
			name = Release;
		};
		158E06BA2906ED1A0076CF7C /* Debug */ = {
			isa = XCBuildConfiguration;
			buildSettings = {
				ALWAYS_EMBED_SWIFT_STANDARD_LIBRARIES = YES;
				BUNDLE_LOADER = "$(TEST_HOST)";
				CODE_SIGN_STYLE = Automatic;
				CURRENT_PROJECT_VERSION = 1;
				DEVELOPMENT_TEAM = 74HBYZ3QR9;
				GENERATE_INFOPLIST_FILE = YES;
				IPHONEOS_DEPLOYMENT_TARGET = 16.0;
				MARKETING_VERSION = 1.0;
				PRODUCT_BUNDLE_IDENTIFIER = com.MoveToPlayMobileTests;
				PRODUCT_NAME = "$(TARGET_NAME)";
				SWIFT_EMIT_LOC_STRINGS = NO;
				SWIFT_VERSION = 5.0;
				TARGETED_DEVICE_FAMILY = "1,2";
				TEST_HOST = "$(BUILT_PRODUCTS_DIR)/MoveToPlayMobile.app/$(BUNDLE_EXECUTABLE_FOLDER_PATH)/MoveToPlayMobile";
			};
			name = Debug;
		};
		158E06BB2906ED1A0076CF7C /* Release */ = {
			isa = XCBuildConfiguration;
			buildSettings = {
				ALWAYS_EMBED_SWIFT_STANDARD_LIBRARIES = YES;
				BUNDLE_LOADER = "$(TEST_HOST)";
				CODE_SIGN_STYLE = Automatic;
				CURRENT_PROJECT_VERSION = 1;
				DEVELOPMENT_TEAM = 74HBYZ3QR9;
				GENERATE_INFOPLIST_FILE = YES;
				IPHONEOS_DEPLOYMENT_TARGET = 16.0;
				MARKETING_VERSION = 1.0;
				PRODUCT_BUNDLE_IDENTIFIER = com.MoveToPlayMobileTests;
				PRODUCT_NAME = "$(TARGET_NAME)";
				SWIFT_EMIT_LOC_STRINGS = NO;
				SWIFT_VERSION = 5.0;
				TARGETED_DEVICE_FAMILY = "1,2";
				TEST_HOST = "$(BUILT_PRODUCTS_DIR)/MoveToPlayMobile.app/$(BUNDLE_EXECUTABLE_FOLDER_PATH)/MoveToPlayMobile";
			};
			name = Release;
		};
		158E06BD2906ED1A0076CF7C /* Debug */ = {
			isa = XCBuildConfiguration;
			buildSettings = {
				ALWAYS_EMBED_SWIFT_STANDARD_LIBRARIES = YES;
				CODE_SIGN_STYLE = Automatic;
				CURRENT_PROJECT_VERSION = 1;
				DEVELOPMENT_TEAM = 74HBYZ3QR9;
				GENERATE_INFOPLIST_FILE = YES;
				MARKETING_VERSION = 1.0;
				PRODUCT_BUNDLE_IDENTIFIER = com.MoveToPlayMobileUITests;
				PRODUCT_NAME = "$(TARGET_NAME)";
				SWIFT_EMIT_LOC_STRINGS = NO;
				SWIFT_VERSION = 5.0;
				TARGETED_DEVICE_FAMILY = "1,2";
				TEST_TARGET_NAME = MoveToPlayMobile;
			};
			name = Debug;
		};
		158E06BE2906ED1A0076CF7C /* Release */ = {
			isa = XCBuildConfiguration;
			buildSettings = {
				ALWAYS_EMBED_SWIFT_STANDARD_LIBRARIES = YES;
				CODE_SIGN_STYLE = Automatic;
				CURRENT_PROJECT_VERSION = 1;
				DEVELOPMENT_TEAM = 74HBYZ3QR9;
				GENERATE_INFOPLIST_FILE = YES;
				MARKETING_VERSION = 1.0;
				PRODUCT_BUNDLE_IDENTIFIER = com.MoveToPlayMobileUITests;
				PRODUCT_NAME = "$(TARGET_NAME)";
				SWIFT_EMIT_LOC_STRINGS = NO;
				SWIFT_VERSION = 5.0;
				TARGETED_DEVICE_FAMILY = "1,2";
				TEST_TARGET_NAME = MoveToPlayMobile;
			};
			name = Release;
		};
/* End XCBuildConfiguration section */

/* Begin XCConfigurationList section */
		158E068D2906ED160076CF7C /* Build configuration list for PBXProject "MoveToPlayMobile" */ = {
			isa = XCConfigurationList;
			buildConfigurations = (
				158E06B42906ED1A0076CF7C /* Debug */,
				158E06B52906ED1A0076CF7C /* Release */,
			);
			defaultConfigurationIsVisible = 0;
			defaultConfigurationName = Release;
		};
		158E06B62906ED1A0076CF7C /* Build configuration list for PBXNativeTarget "MoveToPlayMobile" */ = {
			isa = XCConfigurationList;
			buildConfigurations = (
				158E06B72906ED1A0076CF7C /* Debug */,
				158E06B82906ED1A0076CF7C /* Release */,
			);
			defaultConfigurationIsVisible = 0;
			defaultConfigurationName = Release;
		};
		158E06B92906ED1A0076CF7C /* Build configuration list for PBXNativeTarget "MoveToPlayMobileTests" */ = {
			isa = XCConfigurationList;
			buildConfigurations = (
				158E06BA2906ED1A0076CF7C /* Debug */,
				158E06BB2906ED1A0076CF7C /* Release */,
			);
			defaultConfigurationIsVisible = 0;
			defaultConfigurationName = Release;
		};
		158E06BC2906ED1A0076CF7C /* Build configuration list for PBXNativeTarget "MoveToPlayMobileUITests" */ = {
			isa = XCConfigurationList;
			buildConfigurations = (
				158E06BD2906ED1A0076CF7C /* Debug */,
				158E06BE2906ED1A0076CF7C /* Release */,
			);
			defaultConfigurationIsVisible = 0;
			defaultConfigurationName = Release;
		};
/* End XCConfigurationList section */
	};
	rootObject = 158E068A2906ED160076CF7C /* Project object */;
}
